
Microsoft Visual Studio Solution File, Format Version 12.00
# Visual Studio 15
VisualStudioVersion = 15.0.28307.572
MinimumVisualStudioVersion = 10.0.40219.1
Project("{FAE04EC0-301F-11D3-BF4B-00C04F79EFBC}") = "ChangeSystemTime", "ChangeSystemTime\ChangeSystemTime.csproj", "{51427E5C-140D-4648-848A-6108F3E7B922}"
EndProject
Global
	GlobalSection(SolutionConfigurationPlatforms) = preSolution
		Debug|Any CPU = Debug|Any CPU
		Release|Any CPU = Release|Any CPU
	EndGlobalSection
	GlobalSection(ProjectConfigurationPlatforms) = postSolution
		{51427E5C-140D-4648-848A-6108F3E7B922}.Debug|Any CPU.ActiveCfg = Debug|Any CPU
		{51427E5C-140D-4648-848A-6108F3E7B922}.Debug|Any CPU.Build.0 = Debug|Any CPU
		{51427E5C-140D-4648-848A-6108F3E7B922}.Release|Any CPU.ActiveCfg = Release|Any CPU
		{51427E5C-140D-4648-848A-6108F3E7B922}.Release|Any CPU.Build.0 = Release|Any CPU
	EndGlobalSection
	GlobalSection(SolutionProperties) = preSolution
		HideSolutionNode = FALSE
	EndGlobalSection
	GlobalSection(ExtensibilityGlobals) = postSolution
		SolutionGuid = {39393A1D-2C98-4677-B2F8-81DA497A63FE}
	EndGlobalSection
EndGlobal
